
Microsoft Visual Studio Solution File, Format Version 12.00
# Visual Studio 14
VisualStudioVersion = 14.0.25420.1
MinimumVisualStudioVersion = 10.0.40219.1
Project("{FAE04EC0-301F-11D3-BF4B-00C04F79EFBC}") = "gladius", "gladius\gladius.csproj", "{9F23B068-1E9E-4AEB-99DD-765DC4269BF1}"
EndProject
Project("{FAE04EC0-301F-11D3-BF4B-00C04F79EFBC}") = "Repository", "Repository\Repository.csproj", "{1DC048BF-5E3A-4C8B-BF97-2C792C994A4E}"
EndProject
Global
	GlobalSection(SolutionConfigurationPlatforms) = preSolution
		Debug|Any CPU = Debug|Any CPU
		Release|Any CPU = Release|Any CPU
	EndGlobalSection
	GlobalSection(ProjectConfigurationPlatforms) = postSolution
		{9F23B068-1E9E-4AEB-99DD-765DC4269BF1}.Debug|Any CPU.ActiveCfg = Debug|Any CPU
		{9F23B068-1E9E-4AEB-99DD-765DC4269BF1}.Debug|Any CPU.Build.0 = Debug|Any CPU
		{9F23B068-1E9E-4AEB-99DD-765DC4269BF1}.Release|Any CPU.ActiveCfg = Release|Any CPU
		{9F23B068-1E9E-4AEB-99DD-765DC4269BF1}.Release|Any CPU.Build.0 = Release|Any CPU
		{1DC048BF-5E3A-4C8B-BF97-2C792C994A4E}.Debug|Any CPU.ActiveCfg = Debug|Any CPU
		{1DC048BF-5E3A-4C8B-BF97-2C792C994A4E}.Debug|Any CPU.Build.0 = Debug|Any CPU
		{1DC048BF-5E3A-4C8B-BF97-2C792C994A4E}.Release|Any CPU.ActiveCfg = Release|Any CPU
		{1DC048BF-5E3A-4C8B-BF97-2C792C994A4E}.Release|Any CPU.Build.0 = Release|Any CPU
	EndGlobalSection
	GlobalSection(SolutionProperties) = preSolution
		HideSolutionNode = FALSE
	EndGlobalSection
EndGlobal
